
Microsoft Visual Studio Solution File, Format Version 12.00
# Visual Studio Version 17
VisualStudioVersion = 17.10.35013.160
MinimumVisualStudioVersion = 10.0.40219.1
Project("{2150E333-8FDC-42A3-9474-1A3956D46DE8}") = "Backend", "Backend", "{743D5876-1E80-4644-94DC-C5EABCC32D7A}"
EndProject
Project("{2150E333-8FDC-42A3-9474-1A3956D46DE8}") = "Frontend", "Frontend", "{7BD2F644-825E-4E60-A95F-BE5A93C38816}"
EndProject
Project("{9A19103F-16F7-4668-BE54-9A1E7A4F7556}") = "Ballista.backend", "Ballista.backend\Ballista.backend.csproj", "{A95D33DD-706F-48CB-8003-1580D9AA325E}"
EndProject
Project("{2150E333-8FDC-42A3-9474-1A3956D46DE8}") = "Domain", "Domain", "{7C0B77DA-69EF-4C61-854F-19BE115FB273}"
EndProject
Project("{2150E333-8FDC-42A3-9474-1A3956D46DE8}") = "Application", "Application", "{E1988268-89B9-4BA0-9FAD-79A2C8017FD8}"
EndProject
Project("{2150E333-8FDC-42A3-9474-1A3956D46DE8}") = "Infrastructure", "Infrastructure", "{3FAE9794-6D34-4E02-9A57-09272D28D153}"
EndProject
Project("{9A19103F-16F7-4668-BE54-9A1E7A4F7556}") = "Ballista.Domain", "Ballista.Domain\Ballista.Domain.csproj", "{DE0DB35E-CE45-4712-8372-651F934F4FA8}"
EndProject
Project("{9A19103F-16F7-4668-BE54-9A1E7A4F7556}") = "Ballista.Infrastructure", "Ballista.Infrastructure\Ballista.Infrastructure.csproj", "{E45CBBB1-3A9A-4ACB-BA40-3B8B4B04206F}"
EndProject
Project("{9A19103F-16F7-4668-BE54-9A1E7A4F7556}") = "Ballista.Application", "Ballista.Application\Ballista.Application.csproj", "{B026A99C-FD72-4A4B-9C22-CF781E1A838C}"
EndProject
Project("{54A90642-561A-4BB1-A94E-469ADEE60C69}") = "ballista.react-front", "Ballista.React-front\ballista.react-front.esproj", "{6DA29A2D-8336-40E5-ACD1-6D294FB39C9B}"
EndProject
Project("{E53339B2-1760-4266-BCC7-CA923CBCF16C}") = "docker-compose", "docker-compose.dcproj", "{F4867436-705A-43B2-ABB6-2FA5CBA0024F}"
EndProject
Global
	GlobalSection(SolutionConfigurationPlatforms) = preSolution
		Debug|Any CPU = Debug|Any CPU
		Release|Any CPU = Release|Any CPU
	EndGlobalSection
	GlobalSection(ProjectConfigurationPlatforms) = postSolution
		{A95D33DD-706F-48CB-8003-1580D9AA325E}.Debug|Any CPU.ActiveCfg = Debug|Any CPU
		{A95D33DD-706F-48CB-8003-1580D9AA325E}.Debug|Any CPU.Build.0 = Debug|Any CPU
		{A95D33DD-706F-48CB-8003-1580D9AA325E}.Release|Any CPU.ActiveCfg = Release|Any CPU
		{A95D33DD-706F-48CB-8003-1580D9AA325E}.Release|Any CPU.Build.0 = Release|Any CPU
		{DE0DB35E-CE45-4712-8372-651F934F4FA8}.Debug|Any CPU.ActiveCfg = Debug|Any CPU
		{DE0DB35E-CE45-4712-8372-651F934F4FA8}.Debug|Any CPU.Build.0 = Debug|Any CPU
		{DE0DB35E-CE45-4712-8372-651F934F4FA8}.Release|Any CPU.ActiveCfg = Release|Any CPU
		{DE0DB35E-CE45-4712-8372-651F934F4FA8}.Release|Any CPU.Build.0 = Release|Any CPU
		{E45CBBB1-3A9A-4ACB-BA40-3B8B4B04206F}.Debug|Any CPU.ActiveCfg = Debug|Any CPU
		{E45CBBB1-3A9A-4ACB-BA40-3B8B4B04206F}.Debug|Any CPU.Build.0 = Debug|Any CPU
		{E45CBBB1-3A9A-4ACB-BA40-3B8B4B04206F}.Release|Any CPU.ActiveCfg = Release|Any CPU
		{E45CBBB1-3A9A-4ACB-BA40-3B8B4B04206F}.Release|Any CPU.Build.0 = Release|Any CPU
		{B026A99C-FD72-4A4B-9C22-CF781E1A838C}.Debug|Any CPU.ActiveCfg = Debug|Any CPU
		{B026A99C-FD72-4A4B-9C22-CF781E1A838C}.Debug|Any CPU.Build.0 = Debug|Any CPU
		{B026A99C-FD72-4A4B-9C22-CF781E1A838C}.Release|Any CPU.ActiveCfg = Release|Any CPU
		{B026A99C-FD72-4A4B-9C22-CF781E1A838C}.Release|Any CPU.Build.0 = Release|Any CPU
		{6DA29A2D-8336-40E5-ACD1-6D294FB39C9B}.Debug|Any CPU.ActiveCfg = Debug|Any CPU
		{6DA29A2D-8336-40E5-ACD1-6D294FB39C9B}.Debug|Any CPU.Build.0 = Debug|Any CPU
		{6DA29A2D-8336-40E5-ACD1-6D294FB39C9B}.Debug|Any CPU.Deploy.0 = Debug|Any CPU
		{6DA29A2D-8336-40E5-ACD1-6D294FB39C9B}.Release|Any CPU.ActiveCfg = Release|Any CPU
		{6DA29A2D-8336-40E5-ACD1-6D294FB39C9B}.Release|Any CPU.Build.0 = Release|Any CPU
		{6DA29A2D-8336-40E5-ACD1-6D294FB39C9B}.Release|Any CPU.Deploy.0 = Release|Any CPU
		{F4867436-705A-43B2-ABB6-2FA5CBA0024F}.Debug|Any CPU.ActiveCfg = Debug|Any CPU
		{F4867436-705A-43B2-ABB6-2FA5CBA0024F}.Debug|Any CPU.Build.0 = Debug|Any CPU
		{F4867436-705A-43B2-ABB6-2FA5CBA0024F}.Release|Any CPU.ActiveCfg = Release|Any CPU
		{F4867436-705A-43B2-ABB6-2FA5CBA0024F}.Release|Any CPU.Build.0 = Release|Any CPU
	EndGlobalSection
	GlobalSection(SolutionProperties) = preSolution
		HideSolutionNode = FALSE
	EndGlobalSection
	GlobalSection(NestedProjects) = preSolution
		{A95D33DD-706F-48CB-8003-1580D9AA325E} = {743D5876-1E80-4644-94DC-C5EABCC32D7A}
		{7C0B77DA-69EF-4C61-854F-19BE115FB273} = {743D5876-1E80-4644-94DC-C5EABCC32D7A}
		{E1988268-89B9-4BA0-9FAD-79A2C8017FD8} = {743D5876-1E80-4644-94DC-C5EABCC32D7A}
		{3FAE9794-6D34-4E02-9A57-09272D28D153} = {743D5876-1E80-4644-94DC-C5EABCC32D7A}
		{DE0DB35E-CE45-4712-8372-651F934F4FA8} = {7C0B77DA-69EF-4C61-854F-19BE115FB273}
		{E45CBBB1-3A9A-4ACB-BA40-3B8B4B04206F} = {3FAE9794-6D34-4E02-9A57-09272D28D153}
		{B026A99C-FD72-4A4B-9C22-CF781E1A838C} = {E1988268-89B9-4BA0-9FAD-79A2C8017FD8}
		{6DA29A2D-8336-40E5-ACD1-6D294FB39C9B} = {7BD2F644-825E-4E60-A95F-BE5A93C38816}
	EndGlobalSection
	GlobalSection(ExtensibilityGlobals) = postSolution
		SolutionGuid = {959C6DA9-5683-421E-A439-F46BBA88B094}
	EndGlobalSection
EndGlobal
